
Microsoft Visual Studio Solution File, Format Version 12.00
# Visual Studio 15
VisualStudioVersion = 15.0.28307.1800
MinimumVisualStudioVersion = 10.0.40219.1
Project("{FAE04EC0-301F-11D3-BF4B-00C04F79EFBC}") = "ITMO.CSCourse2022.Divider", "ITMO.CSCourse2022.Divider\ITMO.CSCourse2022.Divider.csproj", "{C77C1395-E4D8-4058-80A8-F530C8C72E56}"
EndProject
Global
	GlobalSection(SolutionConfigurationPlatforms) = preSolution
		Debug|Any CPU = Debug|Any CPU
		Release|Any CPU = Release|Any CPU
	EndGlobalSection
	GlobalSection(ProjectConfigurationPlatforms) = postSolution
		{C77C1395-E4D8-4058-80A8-F530C8C72E56}.Debug|Any CPU.ActiveCfg = Debug|Any CPU
		{C77C1395-E4D8-4058-80A8-F530C8C72E56}.Debug|Any CPU.Build.0 = Debug|Any CPU
		{C77C1395-E4D8-4058-80A8-F530C8C72E56}.Release|Any CPU.ActiveCfg = Release|Any CPU
		{C77C1395-E4D8-4058-80A8-F530C8C72E56}.Release|Any CPU.Build.0 = Release|Any CPU
	EndGlobalSection
	GlobalSection(SolutionProperties) = preSolution
		HideSolutionNode = FALSE
	EndGlobalSection
	GlobalSection(ExtensibilityGlobals) = postSolution
		SolutionGuid = {D1902078-78C5-4846-92A9-B45ECCC5E817}
	EndGlobalSection
EndGlobal
