
Microsoft Visual Studio Solution File, Format Version 12.00
# Visual Studio 15
VisualStudioVersion = 15.0.28307.1800
MinimumVisualStudioVersion = 10.0.40219.1
Project("{FAE04EC0-301F-11D3-BF4B-00C04F79EFBC}") = "ITMO.CSCourse2022.StructType", "ITMO.CSCourse2022.StructType\ITMO.CSCourse2022.StructType.csproj", "{2C8C5091-412A-4547-B894-3E9E917CD705}"
EndProject
Global
	GlobalSection(SolutionConfigurationPlatforms) = preSolution
		Debug|Any CPU = Debug|Any CPU
		Release|Any CPU = Release|Any CPU
	EndGlobalSection
	GlobalSection(ProjectConfigurationPlatforms) = postSolution
		{2C8C5091-412A-4547-B894-3E9E917CD705}.Debug|Any CPU.ActiveCfg = Debug|Any CPU
		{2C8C5091-412A-4547-B894-3E9E917CD705}.Debug|Any CPU.Build.0 = Debug|Any CPU
		{2C8C5091-412A-4547-B894-3E9E917CD705}.Release|Any CPU.ActiveCfg = Release|Any CPU
		{2C8C5091-412A-4547-B894-3E9E917CD705}.Release|Any CPU.Build.0 = Release|Any CPU
	EndGlobalSection
	GlobalSection(SolutionProperties) = preSolution
		HideSolutionNode = FALSE
	EndGlobalSection
	GlobalSection(ExtensibilityGlobals) = postSolution
		SolutionGuid = {0451FD55-1D3B-4C37-A4FB-26BBB9CD3855}
	EndGlobalSection
EndGlobal
