
Microsoft Visual Studio Solution File, Format Version 12.00
# Visual Studio Version 17
VisualStudioVersion = 17.1.32210.238
MinimumVisualStudioVersion = 10.0.40219.1
Project("{FAE04EC0-301F-11D3-BF4B-00C04F79EFBC}") = "ITMO.CSCourse2022.Lab10.Exercise1", "ITMO.CSCourse2022.Lab10.Exercise1\ITMO.CSCourse2022.Lab10.Exercise1.csproj", "{9B6694CC-5AED-4196-B8A6-50BBD91D6530}"
EndProject
Project("{FAE04EC0-301F-11D3-BF4B-00C04F79EFBC}") = "ITMO.CSCourse2022.Lab10.Exercise2", "ITMO.CSCourse2022.Lab10.Exercise2\ITMO.CSCourse2022.Lab10.Exercise2.csproj", "{47CDD6B5-654E-4C3F-9DC1-2CC3FD4FBD63}"
EndProject
Global
	GlobalSection(SolutionConfigurationPlatforms) = preSolution
		Debug|Any CPU = Debug|Any CPU
		Release|Any CPU = Release|Any CPU
	EndGlobalSection
	GlobalSection(ProjectConfigurationPlatforms) = postSolution
		{9B6694CC-5AED-4196-B8A6-50BBD91D6530}.Debug|Any CPU.ActiveCfg = Debug|Any CPU
		{9B6694CC-5AED-4196-B8A6-50BBD91D6530}.Debug|Any CPU.Build.0 = Debug|Any CPU
		{9B6694CC-5AED-4196-B8A6-50BBD91D6530}.Release|Any CPU.ActiveCfg = Release|Any CPU
		{9B6694CC-5AED-4196-B8A6-50BBD91D6530}.Release|Any CPU.Build.0 = Release|Any CPU
		{47CDD6B5-654E-4C3F-9DC1-2CC3FD4FBD63}.Debug|Any CPU.ActiveCfg = Debug|Any CPU
		{47CDD6B5-654E-4C3F-9DC1-2CC3FD4FBD63}.Debug|Any CPU.Build.0 = Debug|Any CPU
		{47CDD6B5-654E-4C3F-9DC1-2CC3FD4FBD63}.Release|Any CPU.ActiveCfg = Release|Any CPU
		{47CDD6B5-654E-4C3F-9DC1-2CC3FD4FBD63}.Release|Any CPU.Build.0 = Release|Any CPU
	EndGlobalSection
	GlobalSection(SolutionProperties) = preSolution
		HideSolutionNode = FALSE
	EndGlobalSection
	GlobalSection(ExtensibilityGlobals) = postSolution
		SolutionGuid = {EFEE29D5-7AE0-4550-A683-78E4FD125D23}
	EndGlobalSection
EndGlobal
