
Microsoft Visual Studio Solution File, Format Version 12.00
# Visual Studio Version 17
VisualStudioVersion = 17.1.32210.238
MinimumVisualStudioVersion = 10.0.40219.1
Project("{FAE04EC0-301F-11D3-BF4B-00C04F79EFBC}") = "ITMO.CSCourse2022.Lab9.Exercise1", "ITMO.CSCourse2022.Lab9.Exercise1\ITMO.CSCourse2022.Lab9.Exercise1.csproj", "{C68302A6-7796-442F-BA42-3B906B744407}"
EndProject
Global
	GlobalSection(SolutionConfigurationPlatforms) = preSolution
		Debug|Any CPU = Debug|Any CPU
		Release|Any CPU = Release|Any CPU
	EndGlobalSection
	GlobalSection(ProjectConfigurationPlatforms) = postSolution
		{C68302A6-7796-442F-BA42-3B906B744407}.Debug|Any CPU.ActiveCfg = Debug|Any CPU
		{C68302A6-7796-442F-BA42-3B906B744407}.Debug|Any CPU.Build.0 = Debug|Any CPU
		{C68302A6-7796-442F-BA42-3B906B744407}.Release|Any CPU.ActiveCfg = Release|Any CPU
		{C68302A6-7796-442F-BA42-3B906B744407}.Release|Any CPU.Build.0 = Release|Any CPU
	EndGlobalSection
	GlobalSection(SolutionProperties) = preSolution
		HideSolutionNode = FALSE
	EndGlobalSection
	GlobalSection(ExtensibilityGlobals) = postSolution
		SolutionGuid = {DF404FA8-7D7B-46D5-8DEF-FEC1DDE0BFC6}
	EndGlobalSection
EndGlobal
