
Microsoft Visual Studio Solution File, Format Version 12.00
# Visual Studio Version 17
VisualStudioVersion = 17.1.32210.238
MinimumVisualStudioVersion = 10.0.40219.1
Project("{FAE04EC0-301F-11D3-BF4B-00C04F79EFBC}") = "ITMO.CSCourse2022.Lab1.Exercise1", "ITMO.CSCourse2022.Lab1.Exercise1\ITMO.CSCourse2022.Lab1.Exercise1.csproj", "{AC5F2E83-5CCF-49CA-8244-1B16D677DDC9}"
EndProject
Project("{FAE04EC0-301F-11D3-BF4B-00C04F79EFBC}") = "ITMO.CSCourse2022.Lab1.Exercise4", "ITMO.CSCourse2022.Lab1.Exercise4\ITMO.CSCourse2022.Lab1.Exercise4.csproj", "{669B48F5-9028-4963-AFFA-1AF540AAB113}"
EndProject
Global
	GlobalSection(SolutionConfigurationPlatforms) = preSolution
		Debug|Any CPU = Debug|Any CPU
		Release|Any CPU = Release|Any CPU
	EndGlobalSection
	GlobalSection(ProjectConfigurationPlatforms) = postSolution
		{AC5F2E83-5CCF-49CA-8244-1B16D677DDC9}.Debug|Any CPU.ActiveCfg = Debug|Any CPU
		{AC5F2E83-5CCF-49CA-8244-1B16D677DDC9}.Debug|Any CPU.Build.0 = Debug|Any CPU
		{AC5F2E83-5CCF-49CA-8244-1B16D677DDC9}.Release|Any CPU.ActiveCfg = Release|Any CPU
		{AC5F2E83-5CCF-49CA-8244-1B16D677DDC9}.Release|Any CPU.Build.0 = Release|Any CPU
		{669B48F5-9028-4963-AFFA-1AF540AAB113}.Debug|Any CPU.ActiveCfg = Debug|Any CPU
		{669B48F5-9028-4963-AFFA-1AF540AAB113}.Debug|Any CPU.Build.0 = Debug|Any CPU
		{669B48F5-9028-4963-AFFA-1AF540AAB113}.Release|Any CPU.ActiveCfg = Release|Any CPU
		{669B48F5-9028-4963-AFFA-1AF540AAB113}.Release|Any CPU.Build.0 = Release|Any CPU
	EndGlobalSection
	GlobalSection(SolutionProperties) = preSolution
		HideSolutionNode = FALSE
	EndGlobalSection
	GlobalSection(ExtensibilityGlobals) = postSolution
		SolutionGuid = {7D113BB5-AD8F-48BF-B8E5-FA45E0075BFA}
	EndGlobalSection
EndGlobal
