
Microsoft Visual Studio Solution File, Format Version 12.00
# Visual Studio Version 17
VisualStudioVersion = 17.1.32210.238
MinimumVisualStudioVersion = 10.0.40219.1
Project("{FAE04EC0-301F-11D3-BF4B-00C04F79EFBC}") = "ITMO.CSCourse2022.Lab8.Excercise1", "ITMO.CSCourse2022.Lab8.Excercise1\ITMO.CSCourse2022.Lab8.Excercise1.csproj", "{0457DC7E-4677-4769-8E10-B30FCE0DC81C}"
EndProject
Project("{FAE04EC0-301F-11D3-BF4B-00C04F79EFBC}") = "ITMO.CSCourse2022.Lab8.Excercise2", "ITMO.CSCourse2022.Lab8.Excercise2\ITMO.CSCourse2022.Lab8.Excercise2.csproj", "{BCCDEDAB-61EB-48DC-A01E-8CD8BA7EDFC8}"
EndProject
Global
	GlobalSection(SolutionConfigurationPlatforms) = preSolution
		Debug|Any CPU = Debug|Any CPU
		Release|Any CPU = Release|Any CPU
	EndGlobalSection
	GlobalSection(ProjectConfigurationPlatforms) = postSolution
		{0457DC7E-4677-4769-8E10-B30FCE0DC81C}.Debug|Any CPU.ActiveCfg = Debug|Any CPU
		{0457DC7E-4677-4769-8E10-B30FCE0DC81C}.Debug|Any CPU.Build.0 = Debug|Any CPU
		{0457DC7E-4677-4769-8E10-B30FCE0DC81C}.Release|Any CPU.ActiveCfg = Release|Any CPU
		{0457DC7E-4677-4769-8E10-B30FCE0DC81C}.Release|Any CPU.Build.0 = Release|Any CPU
		{BCCDEDAB-61EB-48DC-A01E-8CD8BA7EDFC8}.Debug|Any CPU.ActiveCfg = Debug|Any CPU
		{BCCDEDAB-61EB-48DC-A01E-8CD8BA7EDFC8}.Debug|Any CPU.Build.0 = Debug|Any CPU
		{BCCDEDAB-61EB-48DC-A01E-8CD8BA7EDFC8}.Release|Any CPU.ActiveCfg = Release|Any CPU
		{BCCDEDAB-61EB-48DC-A01E-8CD8BA7EDFC8}.Release|Any CPU.Build.0 = Release|Any CPU
	EndGlobalSection
	GlobalSection(SolutionProperties) = preSolution
		HideSolutionNode = FALSE
	EndGlobalSection
	GlobalSection(ExtensibilityGlobals) = postSolution
		SolutionGuid = {616DF362-0808-45B7-97AB-B4B8D5927BE2}
	EndGlobalSection
EndGlobal
